
Microsoft Visual Studio Solution File, Format Version 12.00
# Visual Studio 15
VisualStudioVersion = 15.0.27130.2036
MinimumVisualStudioVersion = 10.0.40219.1
Project("{FAE04EC0-301F-11D3-BF4B-00C04F79EFBC}") = "ListenTogether.WebAPICore", "ListenTogether.WebAPICore\ListenTogether.WebAPICore.csproj", "{4D5752E0-E6F1-4C72-B19D-CF976D90CE32}"
EndProject
Global
	GlobalSection(SolutionConfigurationPlatforms) = preSolution
		Debug|Any CPU = Debug|Any CPU
		Release|Any CPU = Release|Any CPU
	EndGlobalSection
	GlobalSection(ProjectConfigurationPlatforms) = postSolution
		{4D5752E0-E6F1-4C72-B19D-CF976D90CE32}.Debug|Any CPU.ActiveCfg = Debug|Any CPU
		{4D5752E0-E6F1-4C72-B19D-CF976D90CE32}.Debug|Any CPU.Build.0 = Debug|Any CPU
		{4D5752E0-E6F1-4C72-B19D-CF976D90CE32}.Release|Any CPU.ActiveCfg = Release|Any CPU
		{4D5752E0-E6F1-4C72-B19D-CF976D90CE32}.Release|Any CPU.Build.0 = Release|Any CPU
	EndGlobalSection
	GlobalSection(SolutionProperties) = preSolution
		HideSolutionNode = FALSE
	EndGlobalSection
	GlobalSection(ExtensibilityGlobals) = postSolution
		SolutionGuid = {4C4834D8-E851-403B-914B-F4A61A3D98AA}
	EndGlobalSection
EndGlobal
